
Microsoft Visual Studio Solution File, Format Version 12.00
# Visual Studio Version 16
VisualStudioVersion = 16.0.31424.327
MinimumVisualStudioVersion = 10.0.40219.1
Project("{F184B08F-C81C-45F6-A57F-5ABD9991F28F}") = "hesap", "hesap\hesap.vbproj", "{CCB86773-F023-46B0-B42D-590C1824E91A}"
EndProject
Global
	GlobalSection(SolutionConfigurationPlatforms) = preSolution
		Debug|Any CPU = Debug|Any CPU
		Release|Any CPU = Release|Any CPU
	EndGlobalSection
	GlobalSection(ProjectConfigurationPlatforms) = postSolution
		{CCB86773-F023-46B0-B42D-590C1824E91A}.Debug|Any CPU.ActiveCfg = Debug|Any CPU
		{CCB86773-F023-46B0-B42D-590C1824E91A}.Debug|Any CPU.Build.0 = Debug|Any CPU
		{CCB86773-F023-46B0-B42D-590C1824E91A}.Release|Any CPU.ActiveCfg = Release|Any CPU
		{CCB86773-F023-46B0-B42D-590C1824E91A}.Release|Any CPU.Build.0 = Release|Any CPU
	EndGlobalSection
	GlobalSection(SolutionProperties) = preSolution
		HideSolutionNode = FALSE
	EndGlobalSection
	GlobalSection(ExtensibilityGlobals) = postSolution
		SolutionGuid = {6FE17A73-C6D4-4963-928B-E1C10A33F898}
	EndGlobalSection
EndGlobal
